
Microsoft Visual Studio Solution File, Format Version 12.00
# Visual Studio Version 17
VisualStudioVersion = 17.13.35825.156 d17.13
MinimumVisualStudioVersion = 10.0.40219.1
Project("{FAE04EC0-301F-11D3-BF4B-00C04F79EFBC}") = "ollamidesk", "ollamidesk\ollamidesk.csproj", "{DA65A875-8407-4EAC-8550-9BB689C616BC}"
EndProject
Global
	GlobalSection(SolutionConfigurationPlatforms) = preSolution
		Debug|Any CPU = Debug|Any CPU
		Release|Any CPU = Release|Any CPU
	EndGlobalSection
	GlobalSection(ProjectConfigurationPlatforms) = postSolution
		{DA65A875-8407-4EAC-8550-9BB689C616BC}.Debug|Any CPU.ActiveCfg = Debug|Any CPU
		{DA65A875-8407-4EAC-8550-9BB689C616BC}.Debug|Any CPU.Build.0 = Debug|Any CPU
		{DA65A875-8407-4EAC-8550-9BB689C616BC}.Release|Any CPU.ActiveCfg = Release|Any CPU
		{DA65A875-8407-4EAC-8550-9BB689C616BC}.Release|Any CPU.Build.0 = Release|Any CPU
	EndGlobalSection
	GlobalSection(SolutionProperties) = preSolution
		HideSolutionNode = FALSE
	EndGlobalSection
	GlobalSection(ExtensibilityGlobals) = postSolution
		SolutionGuid = {51A0B9FF-0EFE-4698-B945-9805A8F55851}
	EndGlobalSection
EndGlobal
